
Microsoft Visual Studio Solution File, Format Version 12.00
# Visual Studio for Mac
Project("{FAE04EC0-301F-11D3-BF4B-00C04F79EFBC}") = "T-Rex Runner", "T-Rex Runner.csproj", "{CC4A4B4B-E922-513F-0C8C-40EFDB879816}"
EndProject
Global
	GlobalSection(SolutionConfigurationPlatforms) = preSolution
		Debug|Any CPU = Debug|Any CPU
		Release|Any CPU = Release|Any CPU
	EndGlobalSection
	GlobalSection(ProjectConfigurationPlatforms) = postSolution
		{CC4A4B4B-E922-513F-0C8C-40EFDB879816}.Debug|Any CPU.ActiveCfg = Debug|Any CPU
		{CC4A4B4B-E922-513F-0C8C-40EFDB879816}.Debug|Any CPU.Build.0 = Debug|Any CPU
		{CC4A4B4B-E922-513F-0C8C-40EFDB879816}.Release|Any CPU.ActiveCfg = Release|Any CPU
		{CC4A4B4B-E922-513F-0C8C-40EFDB879816}.Release|Any CPU.Build.0 = Release|Any CPU
	EndGlobalSection
	GlobalSection(SolutionProperties) = preSolution
		HideSolutionNode = FALSE
	EndGlobalSection
EndGlobal
